
Microsoft Visual Studio Solution File, Format Version 12.00
# Visual Studio Version 17
VisualStudioVersion = 17.6.33712.159
MinimumVisualStudioVersion = 10.0.40219.1
Project("{9A19103F-16F7-4668-BE54-9A1E7A4F7556}") = "MicroSolution.ApiGateway", "MicroSolution.ApiGateway\MicroSolution.ApiGateway.csproj", "{BB446D4E-63D5-4810-BD7F-AF2DB05DF453}"
EndProject
Project("{9A19103F-16F7-4668-BE54-9A1E7A4F7556}") = "MicroSolution.User.Api", "MicroSolution.User.Api\MicroSolution.User.Api.csproj", "{0F738BDD-26DD-4071-88E6-A4E36EBCDE03}"
EndProject
Project("{9A19103F-16F7-4668-BE54-9A1E7A4F7556}") = "MicroSolution.Order.Api", "MicroSolution.Order.Api\MicroSolution.Order.Api.csproj", "{E10A9AA8-E2AD-4CFA-8836-5E1E21590E34}"
EndProject
Project("{9A19103F-16F7-4668-BE54-9A1E7A4F7556}") = "MicroSolution.Product.Api", "MicroSolution.Product.Api\MicroSolution.Product.Api.csproj", "{64E2D100-2CB1-403D-9DB7-FB17992B5B84}"
EndProject
Project("{9A19103F-16F7-4668-BE54-9A1E7A4F7556}") = "MicroSolution.Infrastructure", "MicroSolution.Infrastructure\MicroSolution.Infrastructure.csproj", "{6331FC29-5F00-48DA-A3C1-09DB61640E40}"
EndProject
Global
	GlobalSection(SolutionConfigurationPlatforms) = preSolution
		Debug|Any CPU = Debug|Any CPU
		Release|Any CPU = Release|Any CPU
	EndGlobalSection
	GlobalSection(ProjectConfigurationPlatforms) = postSolution
		{BB446D4E-63D5-4810-BD7F-AF2DB05DF453}.Debug|Any CPU.ActiveCfg = Debug|Any CPU
		{BB446D4E-63D5-4810-BD7F-AF2DB05DF453}.Debug|Any CPU.Build.0 = Debug|Any CPU
		{BB446D4E-63D5-4810-BD7F-AF2DB05DF453}.Release|Any CPU.ActiveCfg = Release|Any CPU
		{BB446D4E-63D5-4810-BD7F-AF2DB05DF453}.Release|Any CPU.Build.0 = Release|Any CPU
		{0F738BDD-26DD-4071-88E6-A4E36EBCDE03}.Debug|Any CPU.ActiveCfg = Debug|Any CPU
		{0F738BDD-26DD-4071-88E6-A4E36EBCDE03}.Debug|Any CPU.Build.0 = Debug|Any CPU
		{0F738BDD-26DD-4071-88E6-A4E36EBCDE03}.Release|Any CPU.ActiveCfg = Release|Any CPU
		{0F738BDD-26DD-4071-88E6-A4E36EBCDE03}.Release|Any CPU.Build.0 = Release|Any CPU
		{E10A9AA8-E2AD-4CFA-8836-5E1E21590E34}.Debug|Any CPU.ActiveCfg = Debug|Any CPU
		{E10A9AA8-E2AD-4CFA-8836-5E1E21590E34}.Debug|Any CPU.Build.0 = Debug|Any CPU
		{E10A9AA8-E2AD-4CFA-8836-5E1E21590E34}.Release|Any CPU.ActiveCfg = Release|Any CPU
		{E10A9AA8-E2AD-4CFA-8836-5E1E21590E34}.Release|Any CPU.Build.0 = Release|Any CPU
		{64E2D100-2CB1-403D-9DB7-FB17992B5B84}.Debug|Any CPU.ActiveCfg = Debug|Any CPU
		{64E2D100-2CB1-403D-9DB7-FB17992B5B84}.Debug|Any CPU.Build.0 = Debug|Any CPU
		{64E2D100-2CB1-403D-9DB7-FB17992B5B84}.Release|Any CPU.ActiveCfg = Release|Any CPU
		{64E2D100-2CB1-403D-9DB7-FB17992B5B84}.Release|Any CPU.Build.0 = Release|Any CPU
		{6331FC29-5F00-48DA-A3C1-09DB61640E40}.Debug|Any CPU.ActiveCfg = Debug|Any CPU
		{6331FC29-5F00-48DA-A3C1-09DB61640E40}.Debug|Any CPU.Build.0 = Debug|Any CPU
		{6331FC29-5F00-48DA-A3C1-09DB61640E40}.Release|Any CPU.ActiveCfg = Release|Any CPU
		{6331FC29-5F00-48DA-A3C1-09DB61640E40}.Release|Any CPU.Build.0 = Release|Any CPU
	EndGlobalSection
	GlobalSection(SolutionProperties) = preSolution
		HideSolutionNode = FALSE
	EndGlobalSection
	GlobalSection(ExtensibilityGlobals) = postSolution
		SolutionGuid = {83578CF3-E878-4178-B30B-7D7BBB9EC8C5}
	EndGlobalSection
EndGlobal
